
Microsoft Visual Studio Solution File, Format Version 12.00
Project("{2150E333-8FDC-42A3-9474-1A3956D46DE8}") = "SolutionFolder", "SolutionFolder", "{0384F80F-6468-4453-95C4-86D37A065F48}"
	ProjectSection(SolutionItems) = preProject
		.gitignore = .gitignore
		README.md = README.md
	EndProjectSection
EndProject
Project("{2150E333-8FDC-42A3-9474-1A3956D46DE8}") = "src", "src", "{7FC1C04B-2162-4604-A8AB-5B3E601E1E9D}"
EndProject
Project("{FAE04EC0-301F-11D3-BF4B-00C04F79EFBC}") = "FileTransformer.DotNet.Console", "FileTransformer.DotNet.Console.csproj", "{4782EACE-2F51-4E86-A6F0-1658DEACCED4}"
EndProject
Global
	GlobalSection(SolutionConfigurationPlatforms) = preSolution
		Debug|Any CPU = Debug|Any CPU
		Release|Any CPU = Release|Any CPU
	EndGlobalSection
	GlobalSection(ProjectConfigurationPlatforms) = postSolution
		{4782EACE-2F51-4E86-A6F0-1658DEACCED4}.Debug|Any CPU.ActiveCfg = Debug|Any CPU
		{4782EACE-2F51-4E86-A6F0-1658DEACCED4}.Debug|Any CPU.Build.0 = Debug|Any CPU
		{4782EACE-2F51-4E86-A6F0-1658DEACCED4}.Release|Any CPU.ActiveCfg = Release|Any CPU
		{4782EACE-2F51-4E86-A6F0-1658DEACCED4}.Release|Any CPU.Build.0 = Release|Any CPU
	EndGlobalSection
	GlobalSection(NestedProjects) = preSolution
		{4782EACE-2F51-4E86-A6F0-1658DEACCED4} = {7FC1C04B-2162-4604-A8AB-5B3E601E1E9D}
	EndGlobalSection
EndGlobal
