
Microsoft Visual Studio Solution File, Format Version 12.00
Project("{FAE04EC0-301F-11D3-BF4B-00C04F79EFBC}") = "FileTransformer", "FileTransformer.csproj", "{DC68349E-F192-4161-B234-08061EA9026C}"
EndProject
Project("{2150E333-8FDC-42A3-9474-1A3956D46DE8}") = "SolutionFolder", "SolutionFolder", "{0384F80F-6468-4453-95C4-86D37A065F48}"
	ProjectSection(SolutionItems) = preProject
		.gitignore = .gitignore
	EndProjectSection
EndProject
Global
	GlobalSection(SolutionConfigurationPlatforms) = preSolution
		Debug|Any CPU = Debug|Any CPU
		Release|Any CPU = Release|Any CPU
	EndGlobalSection
	GlobalSection(ProjectConfigurationPlatforms) = postSolution
		{DC68349E-F192-4161-B234-08061EA9026C}.Debug|Any CPU.ActiveCfg = Debug|Any CPU
		{DC68349E-F192-4161-B234-08061EA9026C}.Debug|Any CPU.Build.0 = Debug|Any CPU
		{DC68349E-F192-4161-B234-08061EA9026C}.Release|Any CPU.ActiveCfg = Release|Any CPU
		{DC68349E-F192-4161-B234-08061EA9026C}.Release|Any CPU.Build.0 = Release|Any CPU
	EndGlobalSection
EndGlobal
